
Microsoft Visual Studio Solution File, Format Version 12.00
# Visual Studio Version 17
VisualStudioVersion = 17.14.37111.16
MinimumVisualStudioVersion = 10.0.40219.1
Project("{FAE04EC0-301F-11D3-BF4B-00C04F79EFBC}") = "Aula4", "Aula4\Aula4.csproj", "{9EA78C32-0EEB-4C0A-B095-D8526D9E449F}"
EndProject
Project("{FAE04EC0-301F-11D3-BF4B-00C04F79EFBC}") = "Aula5", "Aula5\Aula5.csproj", "{850A6E96-99EA-79E2-0883-AB8848AB2ABC}"
EndProject
Project("{FAE04EC0-301F-11D3-BF4B-00C04F79EFBC}") = "Aula6", "Aula6\Aula6.csproj", "{496A72B0-0DB8-C70E-3229-116F0653F388}"
EndProject
Global
	GlobalSection(SolutionConfigurationPlatforms) = preSolution
		Debug|Any CPU = Debug|Any CPU
		Release|Any CPU = Release|Any CPU
	EndGlobalSection
	GlobalSection(ProjectConfigurationPlatforms) = postSolution
		{9EA78C32-0EEB-4C0A-B095-D8526D9E449F}.Debug|Any CPU.ActiveCfg = Debug|Any CPU
		{9EA78C32-0EEB-4C0A-B095-D8526D9E449F}.Debug|Any CPU.Build.0 = Debug|Any CPU
		{9EA78C32-0EEB-4C0A-B095-D8526D9E449F}.Release|Any CPU.ActiveCfg = Release|Any CPU
		{9EA78C32-0EEB-4C0A-B095-D8526D9E449F}.Release|Any CPU.Build.0 = Release|Any CPU
		{850A6E96-99EA-79E2-0883-AB8848AB2ABC}.Debug|Any CPU.ActiveCfg = Debug|Any CPU
		{850A6E96-99EA-79E2-0883-AB8848AB2ABC}.Debug|Any CPU.Build.0 = Debug|Any CPU
		{850A6E96-99EA-79E2-0883-AB8848AB2ABC}.Release|Any CPU.ActiveCfg = Release|Any CPU
		{850A6E96-99EA-79E2-0883-AB8848AB2ABC}.Release|Any CPU.Build.0 = Release|Any CPU
		{496A72B0-0DB8-C70E-3229-116F0653F388}.Debug|Any CPU.ActiveCfg = Debug|Any CPU
		{496A72B0-0DB8-C70E-3229-116F0653F388}.Debug|Any CPU.Build.0 = Debug|Any CPU
		{496A72B0-0DB8-C70E-3229-116F0653F388}.Release|Any CPU.ActiveCfg = Release|Any CPU
		{496A72B0-0DB8-C70E-3229-116F0653F388}.Release|Any CPU.Build.0 = Release|Any CPU
	EndGlobalSection
	GlobalSection(SolutionProperties) = preSolution
		HideSolutionNode = FALSE
	EndGlobalSection
	GlobalSection(ExtensibilityGlobals) = postSolution
		SolutionGuid = {95AA300D-A10D-45BF-A998-CFA6E94A7DDF}
	EndGlobalSection
EndGlobal
